version: 1.0
shards:
  authentic:
    github: luckyframework/authentic
    version: 0.3.0

  avram:
    github: luckyframework/avram
    commit: 6380571676c2d0908d06ee741898318e60fdf16f

  blank:
    github: kostya/blank
    version: 0.1.0

  callback:
    github: mosop/callback
    version: 0.6.3

  carbon:
    github: luckyframework/carbon
    version: 0.1.0

  cli:
    github: mosop/cli
    version: 0.7.0

  cry:
    github: paulcsmith/cry
    version: 0.4.0

  db:
    github: crystal-lang/crystal-db
    version: 0.5.1

  dexter:
    github: luckyframework/dexter
    version: 0.1.1

  dotenv:
    github: gdotdesign/cr-dotenv
    version: 0.2.0

  exception_page:
    github: crystal-loot/exception_page
    version: 0.1.2

  habitat:
    github: luckyframework/habitat
    version: 0.4.3

  lucky:
    github: luckyframework/lucky
    commit: 740b716c64326182038d2c0e70519e939e8ea3c7

  lucky_cli:
    github: luckyframework/lucky_cli
    version: 0.14.0

  lucky_router:
    github: luckyframework/lucky_router
    version: 0.2.2

  optarg:
    github: mosop/optarg
    version: 0.5.8

  pg:
    github: will/crystal-pg
    version: 0.16.1

  shell-table:
    github: luckyframework/shell-table.cr
    commit: 078a04ea58ead5203bb435a3b5fff448ddabaeea

  string_inflection:
    github: mosop/string_inflection
    version: 0.2.1

  teeplate:
    github: mosop/teeplate
    version: 0.7.0

  wordsmith:
    github: luckyframework/wordsmith
    version: 0.2.0

